
Microsoft Visual Studio Solution File, Format Version 12.00
# Visual Studio Version 17
VisualStudioVersion = 17.9.34728.123
MinimumVisualStudioVersion = 10.0.40219.1
Project("{FAE04EC0-301F-11D3-BF4B-00C04F79EFBC}") = "vize-final uygulaması", "vize-final uygulaması\vize-final uygulaması.csproj", "{50BD3F72-6A4E-44FC-B8EF-6C664AB2E59C}"
EndProject
Global
	GlobalSection(SolutionConfigurationPlatforms) = preSolution
		Debug|Any CPU = Debug|Any CPU
		Release|Any CPU = Release|Any CPU
	EndGlobalSection
	GlobalSection(ProjectConfigurationPlatforms) = postSolution
		{50BD3F72-6A4E-44FC-B8EF-6C664AB2E59C}.Debug|Any CPU.ActiveCfg = Debug|Any CPU
		{50BD3F72-6A4E-44FC-B8EF-6C664AB2E59C}.Debug|Any CPU.Build.0 = Debug|Any CPU
		{50BD3F72-6A4E-44FC-B8EF-6C664AB2E59C}.Release|Any CPU.ActiveCfg = Release|Any CPU
		{50BD3F72-6A4E-44FC-B8EF-6C664AB2E59C}.Release|Any CPU.Build.0 = Release|Any CPU
	EndGlobalSection
	GlobalSection(SolutionProperties) = preSolution
		HideSolutionNode = FALSE
	EndGlobalSection
	GlobalSection(ExtensibilityGlobals) = postSolution
		SolutionGuid = {ED43A354-54FC-48D6-B86F-7363FF802A6C}
	EndGlobalSection
EndGlobal
