
Microsoft Visual Studio Solution File, Format Version 12.00
# Visual Studio Version 17
VisualStudioVersion = 17.4.33205.214
MinimumVisualStudioVersion = 10.0.40219.1
Project("{FAE04EC0-301F-11D3-BF4B-00C04F79EFBC}") = "3 sayının toplamı", "3 sayının toplamı\3 sayının toplamı.csproj", "{879356A1-5FD1-4F0B-B5E8-DFCC23AA624D}"
EndProject
Global
	GlobalSection(SolutionConfigurationPlatforms) = preSolution
		Debug|Any CPU = Debug|Any CPU
		Release|Any CPU = Release|Any CPU
	EndGlobalSection
	GlobalSection(ProjectConfigurationPlatforms) = postSolution
		{879356A1-5FD1-4F0B-B5E8-DFCC23AA624D}.Debug|Any CPU.ActiveCfg = Debug|Any CPU
		{879356A1-5FD1-4F0B-B5E8-DFCC23AA624D}.Debug|Any CPU.Build.0 = Debug|Any CPU
		{879356A1-5FD1-4F0B-B5E8-DFCC23AA624D}.Release|Any CPU.ActiveCfg = Release|Any CPU
		{879356A1-5FD1-4F0B-B5E8-DFCC23AA624D}.Release|Any CPU.Build.0 = Release|Any CPU
	EndGlobalSection
	GlobalSection(SolutionProperties) = preSolution
		HideSolutionNode = FALSE
	EndGlobalSection
	GlobalSection(ExtensibilityGlobals) = postSolution
		SolutionGuid = {7D126E0E-1CCC-45A5-84C8-D3D458B92628}
	EndGlobalSection
EndGlobal
