
Microsoft Visual Studio Solution File, Format Version 12.00
# Visual Studio Version 17
VisualStudioVersion = 17.4.33205.214
MinimumVisualStudioVersion = 10.0.40219.1
Project("{FAE04EC0-301F-11D3-BF4B-00C04F79EFBC}") = "bankamatik1", "bankamatik1\bankamatik1.csproj", "{8A40D940-7B8F-4D7E-9C9F-600F67203003}"
EndProject
Global
	GlobalSection(SolutionConfigurationPlatforms) = preSolution
		Debug|Any CPU = Debug|Any CPU
		Release|Any CPU = Release|Any CPU
	EndGlobalSection
	GlobalSection(ProjectConfigurationPlatforms) = postSolution
		{8A40D940-7B8F-4D7E-9C9F-600F67203003}.Debug|Any CPU.ActiveCfg = Debug|Any CPU
		{8A40D940-7B8F-4D7E-9C9F-600F67203003}.Debug|Any CPU.Build.0 = Debug|Any CPU
		{8A40D940-7B8F-4D7E-9C9F-600F67203003}.Release|Any CPU.ActiveCfg = Release|Any CPU
		{8A40D940-7B8F-4D7E-9C9F-600F67203003}.Release|Any CPU.Build.0 = Release|Any CPU
	EndGlobalSection
	GlobalSection(SolutionProperties) = preSolution
		HideSolutionNode = FALSE
	EndGlobalSection
	GlobalSection(ExtensibilityGlobals) = postSolution
		SolutionGuid = {68D75523-5200-4C78-BED5-82CB21A15733}
	EndGlobalSection
EndGlobal
