
Microsoft Visual Studio Solution File, Format Version 12.00
# Visual Studio Version 17
VisualStudioVersion = 17.4.33205.214
MinimumVisualStudioVersion = 10.0.40219.1
Project("{FAE04EC0-301F-11D3-BF4B-00C04F79EFBC}") = "foreach", "foreach\foreach.csproj", "{A5A09CA4-13E8-449F-AF8E-EB55B9A2888D}"
EndProject
Global
	GlobalSection(SolutionConfigurationPlatforms) = preSolution
		Debug|Any CPU = Debug|Any CPU
		Release|Any CPU = Release|Any CPU
	EndGlobalSection
	GlobalSection(ProjectConfigurationPlatforms) = postSolution
		{A5A09CA4-13E8-449F-AF8E-EB55B9A2888D}.Debug|Any CPU.ActiveCfg = Debug|Any CPU
		{A5A09CA4-13E8-449F-AF8E-EB55B9A2888D}.Debug|Any CPU.Build.0 = Debug|Any CPU
		{A5A09CA4-13E8-449F-AF8E-EB55B9A2888D}.Release|Any CPU.ActiveCfg = Release|Any CPU
		{A5A09CA4-13E8-449F-AF8E-EB55B9A2888D}.Release|Any CPU.Build.0 = Release|Any CPU
	EndGlobalSection
	GlobalSection(SolutionProperties) = preSolution
		HideSolutionNode = FALSE
	EndGlobalSection
	GlobalSection(ExtensibilityGlobals) = postSolution
		SolutionGuid = {F77762A1-4BFC-4B24-BB4A-3D032EC61985}
	EndGlobalSection
EndGlobal
